
Microsoft Visual Studio Solution File, Format Version 12.00
# Visual Studio Version 16
VisualStudioVersion = 16.0.30711.63
MinimumVisualStudioVersion = 10.0.40219.1
Project("{FAE04EC0-301F-11D3-BF4B-00C04F79EFBC}") = "The Cashier", "The Cashier\The Cashier.csproj", "{F89A27F5-7A30-44BA-9A59-101191652DC6}"
EndProject
Global
	GlobalSection(SolutionConfigurationPlatforms) = preSolution
		Debug|Any CPU = Debug|Any CPU
		Release|Any CPU = Release|Any CPU
	EndGlobalSection
	GlobalSection(ProjectConfigurationPlatforms) = postSolution
		{F89A27F5-7A30-44BA-9A59-101191652DC6}.Debug|Any CPU.ActiveCfg = Debug|Any CPU
		{F89A27F5-7A30-44BA-9A59-101191652DC6}.Debug|Any CPU.Build.0 = Debug|Any CPU
		{F89A27F5-7A30-44BA-9A59-101191652DC6}.Release|Any CPU.ActiveCfg = Release|Any CPU
		{F89A27F5-7A30-44BA-9A59-101191652DC6}.Release|Any CPU.Build.0 = Release|Any CPU
	EndGlobalSection
	GlobalSection(SolutionProperties) = preSolution
		HideSolutionNode = FALSE
	EndGlobalSection
	GlobalSection(ExtensibilityGlobals) = postSolution
		SolutionGuid = {7029B96D-A3BD-4370-A94C-D6E4339A21E7}
	EndGlobalSection
EndGlobal
